
Microsoft Visual Studio Solution File, Format Version 12.00
# Visual Studio Version 17
VisualStudioVersion = 17.11.35303.130
MinimumVisualStudioVersion = 10.0.40219.1
Project("{9A19103F-16F7-4668-BE54-9A1E7A4F7556}") = "WebApiVeterinarioYCA", "WebApiVeterinarioYCA\WebApiVeterinarioYCA.csproj", "{967DE0B6-6461-40A9-B13D-AB9632C28097}"
EndProject
Project("{FAE04EC0-301F-11D3-BF4B-00C04F79EFBC}") = "EntidadPersonas1", "EntidadPersonas1\EntidadPersonas1.csproj", "{0024AD9C-C99C-401A-B88B-0DDCF9695A75}"
EndProject
Global
	GlobalSection(SolutionConfigurationPlatforms) = preSolution
		Debug|Any CPU = Debug|Any CPU
		Release|Any CPU = Release|Any CPU
	EndGlobalSection
	GlobalSection(ProjectConfigurationPlatforms) = postSolution
		{967DE0B6-6461-40A9-B13D-AB9632C28097}.Debug|Any CPU.ActiveCfg = Debug|Any CPU
		{967DE0B6-6461-40A9-B13D-AB9632C28097}.Debug|Any CPU.Build.0 = Debug|Any CPU
		{967DE0B6-6461-40A9-B13D-AB9632C28097}.Release|Any CPU.ActiveCfg = Release|Any CPU
		{967DE0B6-6461-40A9-B13D-AB9632C28097}.Release|Any CPU.Build.0 = Release|Any CPU
		{0024AD9C-C99C-401A-B88B-0DDCF9695A75}.Debug|Any CPU.ActiveCfg = Debug|Any CPU
		{0024AD9C-C99C-401A-B88B-0DDCF9695A75}.Debug|Any CPU.Build.0 = Debug|Any CPU
		{0024AD9C-C99C-401A-B88B-0DDCF9695A75}.Release|Any CPU.ActiveCfg = Release|Any CPU
		{0024AD9C-C99C-401A-B88B-0DDCF9695A75}.Release|Any CPU.Build.0 = Release|Any CPU
	EndGlobalSection
	GlobalSection(SolutionProperties) = preSolution
		HideSolutionNode = FALSE
	EndGlobalSection
	GlobalSection(ExtensibilityGlobals) = postSolution
		SolutionGuid = {C7F0B03B-D8C2-48D4-AFAA-1D3974053443}
	EndGlobalSection
EndGlobal
